hash: 549ed9ccc7d32329df22d64521a9ba1021101484e2953206cd76602a31ba4917
updated: 2018-06-09T10:48:31.182864008+01:00
imports:
- name: github.com/alicebob/gopher-json
  version: 5a6b3ba71ee69b77cf64febf8b5a7526ca5eaef0
- name: github.com/alicebob/miniredis
  version: 5bcd02f955181a2e593f1ec6e08ed6ebb6e282b4
  subpackages:
  - server
- name: github.com/go-redis/redis
  version: 83fb42932f6145ce52df09860384a4653d2d332a
  subpackages:
  - internal
  - internal/consistenthash
  - internal/hashtag
  - internal/pool
  - internal/proto
  - internal/singleflight
  - internal/util
- name: github.com/radovskyb/watcher
  version: 6145e1439b9de93806925353403f91d2abbad8a5
- name: github.com/riyadennis/redis-wrapper
  version: 4c8d7fff1d920bdff94c5d30944f7f85fcc18353
- name: github.com/satori/go.uuid
  version: f58768cc1a7a7e77a3bd49e98cdd21419399b6a3
- name: github.com/sirupsen/logrus
  version: c155da19408a8799da419ed3eeb0cb5db0ad5dbc
- name: golang.org/x/crypto
  version: bd6f299fb381e4c3393d1c4b1f0b94f5e77650c8
  subpackages:
  - ssh/terminal
- name: golang.org/x/sys
  version: 8eb05f94d449fdf134ec24630ce69ada5b469c1c
  subpackages:
  - unix
  - windows
testImports:
- name: github.com/davecgh/go-spew
  version: 6d212800a42e8ab5c146b8ace3490ee17e5225f9
  subpackages:
  - spew
- name: github.com/gomodule/redigo
  version: bb5990dc771ab24e169aaea90ee3b9ad50cffce9
  subpackages:
  - internal
  - redis
- name: github.com/pkg/errors
  version: 645ef00459ed84a119197bfb8d8205042c6df63d
- name: github.com/pmezard/go-difflib
  version: d8ed2627bdf02c080bf22230dbb337003b7aba2d
  subpackages:
  - difflib
- name: github.com/stretchr/testify
  version: 12b6f73e6084dad08a7c6e575284b177ecafbc71
  subpackages:
  - assert
- name: github.com/yuin/gopher-lua
  version: b0fa786cf4ea360285924c4a7fd42325be57aec8
  subpackages:
  - ast
  - parse
  - pm
