hash: 8e45ae5f3e0d4115c8dacff37879633d30590fdae281bd7da81b45eadc82e247
updated: 2018-06-06T22:58:22.160047414+01:00
imports:
- name: github.com/go-redis/redis
  version: 83fb42932f6145ce52df09860384a4653d2d332a
  subpackages:
  - internal
  - internal/consistenthash
  - internal/hashtag
  - internal/pool
  - internal/proto
  - internal/singleflight
  - internal/util
- name: github.com/radovskyb/watcher
  version: 6145e1439b9de93806925353403f91d2abbad8a5
- name: github.com/riyadennis/redis-wrapper
  version: 4c8d7fff1d920bdff94c5d30944f7f85fcc18353
- name: github.com/satori/go.uuid
  version: f58768cc1a7a7e77a3bd49e98cdd21419399b6a3
- name: github.com/sirupsen/logrus
  version: c155da19408a8799da419ed3eeb0cb5db0ad5dbc
- name: golang.org/x/crypto
  version: bd6f299fb381e4c3393d1c4b1f0b94f5e77650c8
  subpackages:
  - ssh/terminal
- name: golang.org/x/sys
  version: 8eb05f94d449fdf134ec24630ce69ada5b469c1c
  subpackages:
  - unix
  - windows
testImports: []
