hash: 74a639c27c9e6e3ddf89ec6d0bf9e2d466df8f9264bd9aebd62e9c215d83d7bd
updated: 2018-06-05T23:20:00.195939147+01:00
imports:
- name: github.com/julienschmidt/httprouter
  version: 8c199fb6259ffc1af525cc3ad52ee60ba8359669
- name: github.com/radovskyb/watcher
  version: 6145e1439b9de93806925353403f91d2abbad8a5
- name: github.com/riyadennis/redis-wrapper
  version: 8bf7197482901a1f72dd3553bf566be620da4f9f
- name: github.com/satori/go.uuid
  version: f58768cc1a7a7e77a3bd49e98cdd21419399b6a3
- name: github.com/sirupsen/logrus
  version: c155da19408a8799da419ed3eeb0cb5db0ad5dbc
- name: golang.org/x/crypto
  version: bd6f299fb381e4c3393d1c4b1f0b94f5e77650c8
  subpackages:
  - ssh/terminal
- name: golang.org/x/sys
  version: 8eb05f94d449fdf134ec24630ce69ada5b469c1c
  subpackages:
  - unix
  - windows
testImports: []
